
Microsoft Visual Studio Solution File, Format Version 12.00
# Visual Studio Version 17
VisualStudioVersion = 17.6.33801.468
MinimumVisualStudioVersion = 10.0.40219.1
Project("{9A19103F-16F7-4668-BE54-9A1E7A4F7556}") = "CosmosRecipeGuide", "CosmosRecipeGuide.csproj", "{536B20AF-59DD-41E6-B026-04604B027E16}"
EndProject
Global
	GlobalSection(SolutionConfigurationPlatforms) = preSolution
		Debug|Any CPU = Debug|Any CPU
		Release|Any CPU = Release|Any CPU
	EndGlobalSection
	GlobalSection(ProjectConfigurationPlatforms) = postSolution
		{536B20AF-59DD-41E6-B026-04604B027E16}.Debug|Any CPU.ActiveCfg = Debug|Any CPU
		{536B20AF-59DD-41E6-B026-04604B027E16}.Debug|Any CPU.Build.0 = Debug|Any CPU
		{536B20AF-59DD-41E6-B026-04604B027E16}.Release|Any CPU.ActiveCfg = Release|Any CPU
		{536B20AF-59DD-41E6-B026-04604B027E16}.Release|Any CPU.Build.0 = Release|Any CPU
	EndGlobalSection
	GlobalSection(SolutionProperties) = preSolution
		HideSolutionNode = FALSE
	EndGlobalSection
	GlobalSection(ExtensibilityGlobals) = postSolution
		SolutionGuid = {D3F3F260-C622-4969-A2BD-23C2D4C1371B}
	EndGlobalSection
EndGlobal
